
Microsoft Visual Studio Solution File, Format Version 12.00
# Visual Studio 15
VisualStudioVersion = 15.0.28307.329
MinimumVisualStudioVersion = 10.0.40219.1
Project("{FAE04EC0-301F-11D3-BF4B-00C04F79EFBC}") = "QLKyTucXa", "QLKyTucXa\QLKyTucXa.csproj", "{BCA8D3E0-BE0F-4A87-A1E6-1AA38D9BB948}"
EndProject
Project("{FAE04EC0-301F-11D3-BF4B-00C04F79EFBC}") = "Model", "Model\Model.csproj", "{F9C4138F-4347-481E-84C8-8C6F30B6FF5D}"
EndProject
Global
	GlobalSection(SolutionConfigurationPlatforms) = preSolution
		Debug|Any CPU = Debug|Any CPU
		Release|Any CPU = Release|Any CPU
	EndGlobalSection
	GlobalSection(ProjectConfigurationPlatforms) = postSolution
		{BCA8D3E0-BE0F-4A87-A1E6-1AA38D9BB948}.Debug|Any CPU.ActiveCfg = Debug|Any CPU
		{BCA8D3E0-BE0F-4A87-A1E6-1AA38D9BB948}.Debug|Any CPU.Build.0 = Debug|Any CPU
		{BCA8D3E0-BE0F-4A87-A1E6-1AA38D9BB948}.Release|Any CPU.ActiveCfg = Release|Any CPU
		{BCA8D3E0-BE0F-4A87-A1E6-1AA38D9BB948}.Release|Any CPU.Build.0 = Release|Any CPU
		{F9C4138F-4347-481E-84C8-8C6F30B6FF5D}.Debug|Any CPU.ActiveCfg = Debug|Any CPU
		{F9C4138F-4347-481E-84C8-8C6F30B6FF5D}.Debug|Any CPU.Build.0 = Debug|Any CPU
		{F9C4138F-4347-481E-84C8-8C6F30B6FF5D}.Release|Any CPU.ActiveCfg = Release|Any CPU
		{F9C4138F-4347-481E-84C8-8C6F30B6FF5D}.Release|Any CPU.Build.0 = Release|Any CPU
	EndGlobalSection
	GlobalSection(SolutionProperties) = preSolution
		HideSolutionNode = FALSE
	EndGlobalSection
	GlobalSection(ExtensibilityGlobals) = postSolution
		SolutionGuid = {A3D24B3E-A1CD-4C73-A8B0-988D9714D004}
	EndGlobalSection
EndGlobal
